version: 1
files:
  project.inlang/en.json:
    $schema: 322d35798c67665682ba7afae66b3b3c
    language: 4994a8ffeba4ac3140beb89e8d41f174
    welcome: 411012434f4cc1ed62994acb6866478e
    current_language_tag: 7d22eb625479e88b2fbc4ad1d8ad6348
    greeting: aa579c3e409d0c9a4406111b5dbbb865
    change_language_to: 10a9b8531849b8cf9017dd33e4c9c92a
    buttons_search: 13348442cc6a27032d2b4aa28b75a5d3
    buttons_add: ec211f7c20af43e742bf2570c3cb84f9
    buttons_remove: 1063e38cb53d94d386f21227fcd84717
    buttons_create: 686e697538050e4664636337cc3b834f
    buttons_edit: 7dce122004969d56ae2e0245cb754d35
    buttons_update: 06933067aafd48425d67bcb01bba5cb6
    buttons_delte: f2a6c498fb90ee345d997f888fce3b18
    buttons_back: 0557fa923dcee4d0f86b1409f5c2167f
    buttons_submit: a4d3b161ce1309df1c4e25df28694b7b
    buttons_save: c9cc8cce247e49bae79f15173ce97354
    buttons_reset: 526d688f37a86d3c3f27d0c5016eb71d
    buttons_logout: 0323de4f66a1700e2173e9bcdce02715
    buttons_login_youtube: d0db21fad9029a11352da3c23fc31433
    labels_menu_home: 8cf04a9734132302f96da8e113e80ce5
    labels_menu_dashboard: 2938c7f7e560ed972f8a4f68e80ff834
    labels_title: b78a3223503896721cca1303f776159b
    labels_description: b5a7adde1af5c87d7fd797b6245c2a39
    labels_visibility: 1729a56cfc89021478498fe0c89a843a
    labels_views: efd8627b1cc6a1b24a8abf88155b110f
    labels_filter: d7778d0c64b6ba21494c97f77a66885a
    labels_privacy: c5f29bb36f9158d2e00f5d4dc213a0ff
    labels_terms: 6f1bf85c9ebb3c7fa26251e1e335e032
    errors_title_required: 13d53c153ddfb01104be4edefa96db2e
    errors_description_required: 8608ac3f6458c3b84c072be2ac62585a
    errors_not_found: fc311c49b175c0c36456ff853d0cb44c
    messages_please_wait: 25e8f2fd2871c8423bbe4e254066cd98
    log: eb0aff6a92f3f8308adbd6e97860c47a
    auth_labels_signin: f2fdea440d768b85591e936a803c3631
    auth_labels_signin_with_email: cd3dd037f558dc823ff0143f0443566a
    auth_labels_signin_with_webauthn: cd3dd037f558dc823ff0143f0443566a
    auth_labels_signin_problem: bec8e6888cc0f993daab4c81f9f62b63
    auth_labels_signup: d67850bd126f070221dcfd5fa6317043
    auth_labels_signout: 375e08625a2c38089b9e3a60f0e68325
    auth_labels_passkey: 816da2672a1205347a4ae8e9eb25f0bd
    auth_labels_magic_link: fcbd31cec3e5d1d3f51db229362467eb
    auth_labels_without_account: a5f61298da21626d0f490ebd06ecd811
    auth_labels_with_account: 21bdc5689c12595ae14298354d5550d5
    auth_labels_back_to: c5f09f37e1e182ec28fa64732d9b712c
    auth_labels_forgot_password: 38c8c1f4156fa91158ebbcee727da0b0
    auth_labels_change_password: af311bd3aa0fbb81eacd0e2a128ef576
    auth_labels_password_problem: be806bacd0447c1c6d7064cdf57183b1
    auth_labels_update_password: bb78dd7992509064b8044b7afe6ec9ed
    auth_labels_reset_password: 90d3b636d12ff6794dffb71eff6f99ed
    auth_labels_reset_password_problem: 201e6070996f34378b8393a94ba04b40
    auth_messages_reset_password_healding: db8e6b7258a91f0c2fcb48bc2f7131f0
    auth_messages_reset_password_subheading: 763bf04a559fbfe4b1c834c125584c3f
    auth_messages_aaa: 90d3b636d12ff6794dffb71eff6f99ed
    auth_forms_first_organization_label: d6b258792ff06f82933c74eeb8aef591
    auth_forms_first_organization_placeholder: d6b258792ff06f82933c74eeb8aef591
    auth_forms_first_name_label: bc910f8bdf70f29374f496f05be0330c
    auth_forms_first_name_placeholder: bc910f8bdf70f29374f496f05be0330c
    auth_forms_last_name_label: 77587239bf4c54ea493c7033e1dbf636
    auth_forms_last_name_placeholder: 77587239bf4c54ea493c7033e1dbf636
    auth_forms_email_label: ce8ae9da5b7cd6c3df2929543a9af92d
    auth_forms_email_placeholder: 643a860f992333b8600ea264aca7c4fc
    auth_forms_password_label: dc647eb65e6711e155375218212b3964
    auth_forms_password_placeholder: dc647eb65e6711e155375218212b3964
    auth_forms_confirm_password_label: 887f7db126221fe60d18c895d41dc8f6
    auth_forms_confirm_password_placeholder: 887f7db126221fe60d18c895d41dc8f6
    about_path: 77102f70526b1c2db0eced54632dc618
    dashboard_labels_create_list: c9ba608feacc22bd8d5bbcf52e03ec2f
    dashboard_messages_tagline: e951404e16f4244e2423157c49314a9d
    error_page_message: 165d41a582f00725a6cac19b0802a461
    profile_forms_change_password_label: dc647eb65e6711e155375218212b3964
    profile_forms_change_password_placeholder: dc647eb65e6711e155375218212b3964
    profile_forms_change_password_description: 054c8011ff65201ac1a0d29f15079d29
    profile_forms_change_password_confirm_label: 887f7db126221fe60d18c895d41dc8f6
    profile_forms_change_password_confirm_placeholder: 887f7db126221fe60d18c895d41dc8f6
    profile_forms_change_password_confirm_description: e4ef19d9c66ce35445cd6b7572b4f175
    profile_forms_change_email_label: d035d6b877b448da4853fe122529ec9c
    profile_forms_change_email_placeholder: 285a2838e0b45aa85705da69cbe218ea
    profile_forms_change_email_description: 78de8e01a951bc66aec2f9034122d743
    profile_forms_create_pat_button: f5e3abbb995277b2f1f37d4a813e7b1d
    profile_forms_nickname_label: 1771b8284280660537e3e533f88af3b2
    profile_forms_nickname_placeholder: dc3d7f9ccc9367dc6a5b40704f213d2c
    profile_forms_nickname_description: fbfb9de8807638b416ad198a3c2753bc
    profile_hasura_jwt_claims_label: 98f888277d0ea4206ea638e1d37ad1a0
    profile_nhost_refresh_session_label: ad35fbaef240a8ec1f43e8a0d5e15099
